
Microsoft Visual Studio Solution File, Format Version 12.00
# Visual Studio 15
VisualStudioVersion = 15.0.26430.6
MinimumVisualStudioVersion = 10.0.40219.1
Project("{FAE04EC0-301F-11D3-BF4B-00C04F79EFBC}") = "NetCoreSaaS.WebHost", "NetCoreSaaS.WebHost\NetCoreSaaS.WebHost.csproj", "{68085211-D042-4E1B-ABDD-F6D23E7F5E72}"
EndProject
Project("{FAE04EC0-301F-11D3-BF4B-00C04F79EFBC}") = "NetCoreSaaS.Data", "NetCoreSaaS.Data\NetCoreSaaS.Data.csproj", "{33A282BF-85AD-42E1-A67C-B31043C5FB46}"
EndProject
Project("{FAE04EC0-301F-11D3-BF4B-00C04F79EFBC}") = "NetCoreSaaS.Service", "NetCoreSaaS.Service\NetCoreSaaS.Service.csproj", "{3B4C4769-99F6-4B2C-9A5E-CBE9986299A6}"
EndProject
Project("{FAE04EC0-301F-11D3-BF4B-00C04F79EFBC}") = "NetCoreSaaS.Model", "NetCoreSaaS.Model\NetCoreSaaS.Model.csproj", "{7838CA7E-2AAD-47BA-B56A-B54D40D738A3}"
EndProject
Global
	GlobalSection(SolutionConfigurationPlatforms) = preSolution
		Debug|Any CPU = Debug|Any CPU
		Release|Any CPU = Release|Any CPU
	EndGlobalSection
	GlobalSection(ProjectConfigurationPlatforms) = postSolution
		{68085211-D042-4E1B-ABDD-F6D23E7F5E72}.Debug|Any CPU.ActiveCfg = Debug|Any CPU
		{68085211-D042-4E1B-ABDD-F6D23E7F5E72}.Debug|Any CPU.Build.0 = Debug|Any CPU
		{68085211-D042-4E1B-ABDD-F6D23E7F5E72}.Release|Any CPU.ActiveCfg = Release|Any CPU
		{68085211-D042-4E1B-ABDD-F6D23E7F5E72}.Release|Any CPU.Build.0 = Release|Any CPU
		{33A282BF-85AD-42E1-A67C-B31043C5FB46}.Debug|Any CPU.ActiveCfg = Debug|Any CPU
		{33A282BF-85AD-42E1-A67C-B31043C5FB46}.Debug|Any CPU.Build.0 = Debug|Any CPU
		{33A282BF-85AD-42E1-A67C-B31043C5FB46}.Release|Any CPU.ActiveCfg = Release|Any CPU
		{33A282BF-85AD-42E1-A67C-B31043C5FB46}.Release|Any CPU.Build.0 = Release|Any CPU
		{3B4C4769-99F6-4B2C-9A5E-CBE9986299A6}.Debug|Any CPU.ActiveCfg = Debug|Any CPU
		{3B4C4769-99F6-4B2C-9A5E-CBE9986299A6}.Debug|Any CPU.Build.0 = Debug|Any CPU
		{3B4C4769-99F6-4B2C-9A5E-CBE9986299A6}.Release|Any CPU.ActiveCfg = Release|Any CPU
		{3B4C4769-99F6-4B2C-9A5E-CBE9986299A6}.Release|Any CPU.Build.0 = Release|Any CPU
		{7838CA7E-2AAD-47BA-B56A-B54D40D738A3}.Debug|Any CPU.ActiveCfg = Debug|Any CPU
		{7838CA7E-2AAD-47BA-B56A-B54D40D738A3}.Debug|Any CPU.Build.0 = Debug|Any CPU
		{7838CA7E-2AAD-47BA-B56A-B54D40D738A3}.Release|Any CPU.ActiveCfg = Release|Any CPU
		{7838CA7E-2AAD-47BA-B56A-B54D40D738A3}.Release|Any CPU.Build.0 = Release|Any CPU
	EndGlobalSection
	GlobalSection(SolutionProperties) = preSolution
		HideSolutionNode = FALSE
	EndGlobalSection
EndGlobal
